
Microsoft Visual Studio Solution File, Format Version 12.00
# Visual Studio Version 17
VisualStudioVersion = 17.4.33205.214
MinimumVisualStudioVersion = 10.0.40219.1
Project("{FAE04EC0-301F-11D3-BF4B-00C04F79EFBC}") = "Ejercicio 6 - Loteria", "Ejercicio 6 - Loteria\Ejercicio 6 - Loteria.csproj", "{0342AD17-E737-4569-9B40-554861D975F6}"
EndProject
Global
	GlobalSection(SolutionConfigurationPlatforms) = preSolution
		Debug|Any CPU = Debug|Any CPU
		Release|Any CPU = Release|Any CPU
	EndGlobalSection
	GlobalSection(ProjectConfigurationPlatforms) = postSolution
		{0342AD17-E737-4569-9B40-554861D975F6}.Debug|Any CPU.ActiveCfg = Debug|Any CPU
		{0342AD17-E737-4569-9B40-554861D975F6}.Debug|Any CPU.Build.0 = Debug|Any CPU
		{0342AD17-E737-4569-9B40-554861D975F6}.Release|Any CPU.ActiveCfg = Release|Any CPU
		{0342AD17-E737-4569-9B40-554861D975F6}.Release|Any CPU.Build.0 = Release|Any CPU
	EndGlobalSection
	GlobalSection(SolutionProperties) = preSolution
		HideSolutionNode = FALSE
	EndGlobalSection
	GlobalSection(ExtensibilityGlobals) = postSolution
		SolutionGuid = {28FF3EAF-BC45-472F-BD08-AD6C57D75E39}
	EndGlobalSection
EndGlobal
