
Microsoft Visual Studio Solution File, Format Version 12.00
# Visual Studio Version 17
VisualStudioVersion = 17.4.33205.214
MinimumVisualStudioVersion = 10.0.40219.1
Project("{FAE04EC0-301F-11D3-BF4B-00C04F79EFBC}") = "Ejercicio 1 - Primos", "Ejercicio 1 - Primos\Ejercicio 1 - Primos.csproj", "{C69F5BCE-C566-4269-BBD2-D982EF31708C}"
EndProject
Global
	GlobalSection(SolutionConfigurationPlatforms) = preSolution
		Debug|Any CPU = Debug|Any CPU
		Release|Any CPU = Release|Any CPU
	EndGlobalSection
	GlobalSection(ProjectConfigurationPlatforms) = postSolution
		{C69F5BCE-C566-4269-BBD2-D982EF31708C}.Debug|Any CPU.ActiveCfg = Debug|Any CPU
		{C69F5BCE-C566-4269-BBD2-D982EF31708C}.Debug|Any CPU.Build.0 = Debug|Any CPU
		{C69F5BCE-C566-4269-BBD2-D982EF31708C}.Release|Any CPU.ActiveCfg = Release|Any CPU
		{C69F5BCE-C566-4269-BBD2-D982EF31708C}.Release|Any CPU.Build.0 = Release|Any CPU
	EndGlobalSection
	GlobalSection(SolutionProperties) = preSolution
		HideSolutionNode = FALSE
	EndGlobalSection
	GlobalSection(ExtensibilityGlobals) = postSolution
		SolutionGuid = {01BD41F0-9B76-4A75-836E-537D652720B4}
	EndGlobalSection
EndGlobal
