
Microsoft Visual Studio Solution File, Format Version 12.00
# Visual Studio Version 17
VisualStudioVersion = 17.4.33205.214
MinimumVisualStudioVersion = 10.0.40219.1
Project("{FAE04EC0-301F-11D3-BF4B-00C04F79EFBC}") = "Ejercicio 7 - Biciesto", "Ejercicio 7 - Biciesto\Ejercicio 7 - Biciesto.csproj", "{9638B53E-BB72-486C-A872-C16665A37FB3}"
EndProject
Global
	GlobalSection(SolutionConfigurationPlatforms) = preSolution
		Debug|Any CPU = Debug|Any CPU
		Release|Any CPU = Release|Any CPU
	EndGlobalSection
	GlobalSection(ProjectConfigurationPlatforms) = postSolution
		{9638B53E-BB72-486C-A872-C16665A37FB3}.Debug|Any CPU.ActiveCfg = Debug|Any CPU
		{9638B53E-BB72-486C-A872-C16665A37FB3}.Debug|Any CPU.Build.0 = Debug|Any CPU
		{9638B53E-BB72-486C-A872-C16665A37FB3}.Release|Any CPU.ActiveCfg = Release|Any CPU
		{9638B53E-BB72-486C-A872-C16665A37FB3}.Release|Any CPU.Build.0 = Release|Any CPU
	EndGlobalSection
	GlobalSection(SolutionProperties) = preSolution
		HideSolutionNode = FALSE
	EndGlobalSection
	GlobalSection(ExtensibilityGlobals) = postSolution
		SolutionGuid = {266CBE17-AA04-446F-A9D9-792A6E92BD05}
	EndGlobalSection
EndGlobal
