
Microsoft Visual Studio Solution File, Format Version 12.00
# Visual Studio Version 17
VisualStudioVersion = 17.4.33205.214
MinimumVisualStudioVersion = 10.0.40219.1
Project("{FAE04EC0-301F-11D3-BF4B-00C04F79EFBC}") = "Ejercicio 5 - Invertidor de Palabras", "Ejercicio 5 - Invertidor de Palabras\Ejercicio 5 - Invertidor de Palabras.csproj", "{DF1A204D-68DD-4CBA-9AAB-BB641592FFDC}"
EndProject
Global
	GlobalSection(SolutionConfigurationPlatforms) = preSolution
		Debug|Any CPU = Debug|Any CPU
		Release|Any CPU = Release|Any CPU
	EndGlobalSection
	GlobalSection(ProjectConfigurationPlatforms) = postSolution
		{DF1A204D-68DD-4CBA-9AAB-BB641592FFDC}.Debug|Any CPU.ActiveCfg = Debug|Any CPU
		{DF1A204D-68DD-4CBA-9AAB-BB641592FFDC}.Debug|Any CPU.Build.0 = Debug|Any CPU
		{DF1A204D-68DD-4CBA-9AAB-BB641592FFDC}.Release|Any CPU.ActiveCfg = Release|Any CPU
		{DF1A204D-68DD-4CBA-9AAB-BB641592FFDC}.Release|Any CPU.Build.0 = Release|Any CPU
	EndGlobalSection
	GlobalSection(SolutionProperties) = preSolution
		HideSolutionNode = FALSE
	EndGlobalSection
	GlobalSection(ExtensibilityGlobals) = postSolution
		SolutionGuid = {E3D6144E-83A7-41A0-809B-2F17CC1B10DD}
	EndGlobalSection
EndGlobal
